
Microsoft Visual Studio Solution File, Format Version 12.00
# Visual Studio 2013
VisualStudioVersion = 12.0.21005.1
MinimumVisualStudioVersion = 10.0.40219.1
Project("{FAE04EC0-301F-11D3-BF4B-00C04F79EFBC}") = "Student Class", "Common Type System - HW\Student Class.csproj", "{9DDC73C6-9F66-4377-BA3F-CD05FFF6A7AE}"
EndProject
Project("{FAE04EC0-301F-11D3-BF4B-00C04F79EFBC}") = "Person Class", "Person Class\Person Class.csproj", "{C9CE27F0-D561-4005-BB31-3A0C55ED8931}"
EndProject
Project("{FAE04EC0-301F-11D3-BF4B-00C04F79EFBC}") = "BitArray64", "BitArray64\BitArray64.csproj", "{CD654D15-2EBE-4CFC-A123-53234EC24449}"
EndProject
Global
	GlobalSection(SolutionConfigurationPlatforms) = preSolution
		Debug|Any CPU = Debug|Any CPU
		Release|Any CPU = Release|Any CPU
	EndGlobalSection
	GlobalSection(ProjectConfigurationPlatforms) = postSolution
		{9DDC73C6-9F66-4377-BA3F-CD05FFF6A7AE}.Debug|Any CPU.ActiveCfg = Debug|Any CPU
		{9DDC73C6-9F66-4377-BA3F-CD05FFF6A7AE}.Debug|Any CPU.Build.0 = Debug|Any CPU
		{9DDC73C6-9F66-4377-BA3F-CD05FFF6A7AE}.Release|Any CPU.ActiveCfg = Release|Any CPU
		{9DDC73C6-9F66-4377-BA3F-CD05FFF6A7AE}.Release|Any CPU.Build.0 = Release|Any CPU
		{C9CE27F0-D561-4005-BB31-3A0C55ED8931}.Debug|Any CPU.ActiveCfg = Debug|Any CPU
		{C9CE27F0-D561-4005-BB31-3A0C55ED8931}.Debug|Any CPU.Build.0 = Debug|Any CPU
		{C9CE27F0-D561-4005-BB31-3A0C55ED8931}.Release|Any CPU.ActiveCfg = Release|Any CPU
		{C9CE27F0-D561-4005-BB31-3A0C55ED8931}.Release|Any CPU.Build.0 = Release|Any CPU
		{CD654D15-2EBE-4CFC-A123-53234EC24449}.Debug|Any CPU.ActiveCfg = Debug|Any CPU
		{CD654D15-2EBE-4CFC-A123-53234EC24449}.Debug|Any CPU.Build.0 = Debug|Any CPU
		{CD654D15-2EBE-4CFC-A123-53234EC24449}.Release|Any CPU.ActiveCfg = Release|Any CPU
		{CD654D15-2EBE-4CFC-A123-53234EC24449}.Release|Any CPU.Build.0 = Release|Any CPU
	EndGlobalSection
	GlobalSection(SolutionProperties) = preSolution
		HideSolutionNode = FALSE
	EndGlobalSection
EndGlobal
